{
  "version": "5",
  "remote": {
    "https://esm.sh/@supabase/supabase-js@2.95.3": "1f2684e4be12043f36ea7decd22a2ba0c3367cf6c474b99a051f1e7148e88176"
  },
  "workspace": {
    "packageJson": {
      "dependencies": [
        "npm:@browserbasehq/stagehand@^3.2.1",
        "npm:@internationalized/date@^3.12.0",
        "npm:@mantine/hooks@^9.0.1",
        "npm:@napi-rs/canvas@~0.1.95",
        "npm:@react-aria/combobox@^3.15.0",
        "npm:@react-aria/datepicker@^3.16.1",
        "npm:@react-aria/interactions@^3.27.1",
        "npm:@react-native-async-storage/async-storage@^2.2.0",
        "npm:@react-navigation/bottom-tabs@^7.13.0",
        "npm:@react-navigation/native-stack@^7.12.0",
        "npm:@react-navigation/native@^7.1.28",
        "npm:@react-stately/combobox@^3.13.0",
        "npm:@react-stately/datepicker@^3.16.1",
        "npm:@react-three/fiber@^9.5.0",
        "npm:@react-three/postprocessing@^3.0.4",
        "npm:@solana/web3.js@^1.98.4",
        "npm:@splinetool/react-spline@^4.1.0",
        "npm:@splinetool/runtime@^1.12.69",
        "npm:@supabase/supabase-js@^2.95.3",
        "npm:@tanstack/react-table@^8.21.3",
        "npm:@types/react@19.1",
        "npm:@types/three@~0.183.1",
        "npm:@untitled-ui/icons-react@~0.1.4",
        "npm:ethers@^6.16.0",
        "npm:expo-clipboard@~8.0.8",
        "npm:expo-image-picker@~17.0.10",
        "npm:expo-notifications@~0.32.16",
        "npm:expo-secure-store@^15.0.8",
        "npm:expo-status-bar@~3.0.9",
        "npm:expo@~54.0.33",
        "npm:kbar@~0.1.0-beta.48",
        "npm:postprocessing@^6.39.0",
        "npm:react-complex-tree@^2.6.1",
        "npm:react-dom@19.1.0",
        "npm:react-insta-stories@^2.8.0",
        "npm:react-native-safe-area-context@^5.6.2",
        "npm:react-native-screens@^4.23.0",
        "npm:react-native-web@0.21",
        "npm:react-native@0.81.5",
        "npm:react@19.1.0",
        "npm:three@~0.183.2",
        "npm:typescript@~5.9.2"
      ],
      "overrides": {
        "langsmith": "^0.6.1",
        "postcss": "^8.5.14"
      }
    }
  }
}
